// !$*UTF8*$!
{
	archiveVersion = 1;
	classes = {
	};
	objectVersion = 56;
	objects = {

/* Begin PBXBuildFile section */
		5A07857B292622770054D895 /* EnvironmentFlagsApp.swift in Sources */ = {isa = PBXBuildFile; fileRef = 5A07857A292622770054D895 /* EnvironmentFlagsApp.swift */; };
		5A07857D292622770054D895 /* ContentView.swift in Sources */ = {isa = PBXBuildFile; fileRef = 5A07857C292622770054D895 /* ContentView.swift */; };
		5A07857F292622780054D895 /* Assets.xcassets in Resources */ = {isa = PBXBuildFile; fileRef = 5A07857E292622780054D895 /* Assets.xcassets */; };
		5A078583292622780054D895 /* Preview Assets.xcassets in Resources */ = {isa = PBXBuildFile; fileRef = 5A078582292622780054D895 /* Preview Assets.xcassets */; };
		5A07858D292622780054D895 /* EnvironmentFlagsTests.swift in Sources */ = {isa = PBXBuildFile; fileRef = 5A07858C292622780054D895 /* EnvironmentFlagsTests.swift */; };
		5A078597292622780054D895 /* EnvironmentFlagsUITests.swift in Sources */ = {isa = PBXBuildFile; fileRef = 5A078596292622780054D895 /* EnvironmentFlagsUITests.swift */; };
		5A078599292622780054D895 /* EnvironmentFlagsUITestsLaunchTests.swift in Sources */ = {isa = PBXBuildFile; fileRef = 5A078598292622780054D895 /* EnvironmentFlagsUITestsLaunchTests.swift */; };
		5A0785F929278BB90054D895 /* ComposableArchitecture in Frameworks */ = {isa = PBXBuildFile; productRef = 5A0785F829278BB90054D895 /* ComposableArchitecture */; };
		5A0785FB29278BB90054D895 /* Dependencies in Frameworks */ = {isa = PBXBuildFile; productRef = 5A0785FA29278BB90054D895 /* Dependencies */; };
/* End PBXBuildFile section */

/* Begin PBXContainerItemProxy section */
		5A078589292622780054D895 /* PBXContainerItemProxy */ = {
			isa = PBXContainerItemProxy;
			containerPortal = 5A07856F292622770054D895 /* Project object */;
			proxyType = 1;
			remoteGlobalIDString = 5A078576292622770054D895;
			remoteInfo = EnvironmentFlags;
		};
		5A078593292622780054D895 /* PBXContainerItemProxy */ = {
			isa = PBXContainerItemProxy;
			containerPortal = 5A07856F292622770054D895 /* Project object */;
			proxyType = 1;
			remoteGlobalIDString = 5A078576292622770054D895;
			remoteInfo = EnvironmentFlags;
		};
/* End PBXContainerItemProxy section */

/* Begin PBXFileReference section */
		5A078577292622770054D895 /* EnvironmentFlags.app */ = {isa = PBXFileReference; explicitFileType = wrapper.application; includeInIndex = 0; path = EnvironmentFlags.app; sourceTree = BUILT_PRODUCTS_DIR; };
		5A07857A292622770054D895 /* EnvironmentFlagsApp.swift */ = {isa = PBXFileReference; lastKnownFileType = sourcecode.swift; path = EnvironmentFlagsApp.swift; sourceTree = "<group>"; };
		5A07857C292622770054D895 /* ContentView.swift */ = {isa = PBXFileReference; lastKnownFileType = sourcecode.swift; path = ContentView.swift; sourceTree = "<group>"; };
		5A07857E292622780054D895 /* Assets.xcassets */ = {isa = PBXFileReference; lastKnownFileType = folder.assetcatalog; path = Assets.xcassets; sourceTree = "<group>"; };
		5A078580292622780054D895 /* EnvironmentFlags.entitlements */ = {isa = PBXFileReference; lastKnownFileType = text.plist.entitlements; path = EnvironmentFlags.entitlements; sourceTree = "<group>"; };
		5A078582292622780054D895 /* Preview Assets.xcassets */ = {isa = PBXFileReference; lastKnownFileType = folder.assetcatalog; path = "Preview Assets.xcassets"; sourceTree = "<group>"; };
		5A078588292622780054D895 /* EnvironmentFlagsTests.xctest */ = {isa = PBXFileReference; explicitFileType = wrapper.cfbundle; includeInIndex = 0; path = EnvironmentFlagsTests.xctest; sourceTree = BUILT_PRODUCTS_DIR; };
		5A07858C292622780054D895 /* EnvironmentFlagsTests.swift */ = {isa = PBXFileReference; lastKnownFileType = sourcecode.swift; path = EnvironmentFlagsTests.swift; sourceTree = "<group>"; };
		5A078592292622780054D895 /* EnvironmentFlagsUITests.xctest */ = {isa = PBXFileReference; explicitFileType = wrapper.cfbundle; includeInIndex = 0; path = EnvironmentFlagsUITests.xctest; sourceTree = BUILT_PRODUCTS_DIR; };
		5A078596292622780054D895 /* EnvironmentFlagsUITests.swift */ = {isa = PBXFileReference; lastKnownFileType = sourcecode.swift; path = EnvironmentFlagsUITests.swift; sourceTree = "<group>"; };
		5A078598292622780054D895 /* EnvironmentFlagsUITestsLaunchTests.swift */ = {isa = PBXFileReference; lastKnownFileType = sourcecode.swift; path = EnvironmentFlagsUITestsLaunchTests.swift; sourceTree = "<group>"; };
		5A0785A9292622B40054D895 /* DEV.xcconfig */ = {isa = PBXFileReference; lastKnownFileType = text.xcconfig; path = DEV.xcconfig; sourceTree = "<group>"; };
		5A0785AA292622B80054D895 /* STG.xcconfig */ = {isa = PBXFileReference; lastKnownFileType = text.xcconfig; path = STG.xcconfig; sourceTree = "<group>"; };
		5A0785AB292622B90054D895 /* PRD.xcconfig */ = {isa = PBXFileReference; lastKnownFileType = text.xcconfig; path = PRD.xcconfig; sourceTree = "<group>"; };
		5A0785AC292625FB0054D895 /* Info.plist */ = {isa = PBXFileReference; lastKnownFileType = text.plist.xml; path = Info.plist; sourceTree = "<group>"; };
		5A0785AD29262EF00054D895 /* EnvironmentFlags DEV.xctestplan */ = {isa = PBXFileReference; lastKnownFileType = text; path = "EnvironmentFlags DEV.xctestplan"; sourceTree = "<group>"; };
/* End PBXFileReference section */

/* Begin PBXFrameworksBuildPhase section */
		5A078574292622770054D895 /* Frameworks */ = {
			isa = PBXFrameworksBuildPhase;
			buildActionMask = 2147483647;
			files = (
				5A0785F929278BB90054D895 /* ComposableArchitecture in Frameworks */,
				5A0785FB29278BB90054D895 /* Dependencies in Frameworks */,
			);
			runOnlyForDeploymentPostprocessing = 0;
		};
		5A078585292622780054D895 /* Frameworks */ = {
			isa = PBXFrameworksBuildPhase;
			buildActionMask = 2147483647;
			files = (
			);
			runOnlyForDeploymentPostprocessing = 0;
		};
		5A07858F292622780054D895 /* Frameworks */ = {
			isa = PBXFrameworksBuildPhase;
			buildActionMask = 2147483647;
			files = (
			);
			runOnlyForDeploymentPostprocessing = 0;
		};
/* End PBXFrameworksBuildPhase section */

/* Begin PBXGroup section */
		5A07856E292622770054D895 = {
			isa = PBXGroup;
			children = (
				5A078579292622770054D895 /* EnvironmentFlags */,
				5A07858B292622780054D895 /* EnvironmentFlagsTests */,
				5A078595292622780054D895 /* EnvironmentFlagsUITests */,
				5A078578292622770054D895 /* Products */,
			);
			sourceTree = "<group>";
		};
		5A078578292622770054D895 /* Products */ = {
			isa = PBXGroup;
			children = (
				5A078577292622770054D895 /* EnvironmentFlags.app */,
				5A078588292622780054D895 /* EnvironmentFlagsTests.xctest */,
				5A078592292622780054D895 /* EnvironmentFlagsUITests.xctest */,
			);
			name = Products;
			sourceTree = "<group>";
		};
		5A078579292622770054D895 /* EnvironmentFlags */ = {
			isa = PBXGroup;
			children = (
				5A0785AC292625FB0054D895 /* Info.plist */,
				5A0785A9292622B40054D895 /* DEV.xcconfig */,
				5A0785AA292622B80054D895 /* STG.xcconfig */,
				5A0785AB292622B90054D895 /* PRD.xcconfig */,
				5A07857A292622770054D895 /* EnvironmentFlagsApp.swift */,
				5A07857C292622770054D895 /* ContentView.swift */,
				5A07857E292622780054D895 /* Assets.xcassets */,
				5A078580292622780054D895 /* EnvironmentFlags.entitlements */,
				5A078581292622780054D895 /* Preview Content */,
			);
			path = EnvironmentFlags;
			sourceTree = "<group>";
		};
		5A078581292622780054D895 /* Preview Content */ = {
			isa = PBXGroup;
			children = (
				5A078582292622780054D895 /* Preview Assets.xcassets */,
			);
			path = "Preview Content";
			sourceTree = "<group>";
		};
		5A07858B292622780054D895 /* EnvironmentFlagsTests */ = {
			isa = PBXGroup;
			children = (
				5A07858C292622780054D895 /* EnvironmentFlagsTests.swift */,
			);
			path = EnvironmentFlagsTests;
			sourceTree = "<group>";
		};
		5A078595292622780054D895 /* EnvironmentFlagsUITests */ = {
			isa = PBXGroup;
			children = (
				5A078596292622780054D895 /* EnvironmentFlagsUITests.swift */,
				5A078598292622780054D895 /* EnvironmentFlagsUITestsLaunchTests.swift */,
				5A0785AD29262EF00054D895 /* EnvironmentFlags DEV.xctestplan */,
			);
			path = EnvironmentFlagsUITests;
			sourceTree = "<group>";
		};
/* End PBXGroup section */

/* Begin PBXNativeTarget section */
		5A078576292622770054D895 /* EnvironmentFlags */ = {
			isa = PBXNativeTarget;
			buildConfigurationList = 5A07859C292622780054D895 /* Build configuration list for PBXNativeTarget "EnvironmentFlags" */;
			buildPhases = (
				5A078573292622770054D895 /* Sources */,
				5A078574292622770054D895 /* Frameworks */,
				5A078575292622770054D895 /* Resources */,
			);
			buildRules = (
			);
			dependencies = (
			);
			name = EnvironmentFlags;
			packageProductDependencies = (
				5A0785F829278BB90054D895 /* ComposableArchitecture */,
				5A0785FA29278BB90054D895 /* Dependencies */,
			);
			productName = EnvironmentFlags;
			productReference = 5A078577292622770054D895 /* EnvironmentFlags.app */;
			productType = "com.apple.product-type.application";
		};
		5A078587292622780054D895 /* EnvironmentFlagsTests */ = {
			isa = PBXNativeTarget;
			buildConfigurationList = 5A07859F292622780054D895 /* Build configuration list for PBXNativeTarget "EnvironmentFlagsTests" */;
			buildPhases = (
				5A078584292622780054D895 /* Sources */,
				5A078585292622780054D895 /* Frameworks */,
				5A078586292622780054D895 /* Resources */,
			);
			buildRules = (
			);
			dependencies = (
				5A07858A292622780054D895 /* PBXTargetDependency */,
			);
			name = EnvironmentFlagsTests;
			productName = EnvironmentFlagsTests;
			productReference = 5A078588292622780054D895 /* EnvironmentFlagsTests.xctest */;
			productType = "com.apple.product-type.bundle.unit-test";
		};
		5A078591292622780054D895 /* EnvironmentFlagsUITests */ = {
			isa = PBXNativeTarget;
			buildConfigurationList = 5A0785A2292622780054D895 /* Build configuration list for PBXNativeTarget "EnvironmentFlagsUITests" */;
			buildPhases = (
				5A07858E292622780054D895 /* Sources */,
				5A07858F292622780054D895 /* Frameworks */,
				5A078590292622780054D895 /* Resources */,
			);
			buildRules = (
			);
			dependencies = (
				5A078594292622780054D895 /* PBXTargetDependency */,
			);
			name = EnvironmentFlagsUITests;
			productName = EnvironmentFlagsUITests;
			productReference = 5A078592292622780054D895 /* EnvironmentFlagsUITests.xctest */;
			productType = "com.apple.product-type.bundle.ui-testing";
		};
/* End PBXNativeTarget section */

/* Begin PBXProject section */
		5A07856F292622770054D895 /* Project object */ = {
			isa = PBXProject;
			attributes = {
				BuildIndependentTargetsInParallel = 1;
				LastSwiftUpdateCheck = 1410;
				LastUpgradeCheck = 1410;
				TargetAttributes = {
					5A078576292622770054D895 = {
						CreatedOnToolsVersion = 14.1;
					};
					5A078587292622780054D895 = {
						CreatedOnToolsVersion = 14.1;
						TestTargetID = 5A078576292622770054D895;
					};
					5A078591292622780054D895 = {
						CreatedOnToolsVersion = 14.1;
						TestTargetID = 5A078576292622770054D895;
					};
				};
			};
			buildConfigurationList = 5A078572292622770054D895 /* Build configuration list for PBXProject "EnvironmentFlags" */;
			compatibilityVersion = "Xcode 14.0";
			developmentRegion = en;
			hasScannedForEncodings = 0;
			knownRegions = (
				en,
				Base,
			);
			mainGroup = 5A07856E292622770054D895;
			packageReferences = (
				5A0785F729278BB90054D895 /* XCRemoteSwiftPackageReference "swift-composable-architecture" */,
			);
			productRefGroup = 5A078578292622770054D895 /* Products */;
			projectDirPath = "";
			projectRoot = "";
			targets = (
				5A078576292622770054D895 /* EnvironmentFlags */,
				5A078587292622780054D895 /* EnvironmentFlagsTests */,
				5A078591292622780054D895 /* EnvironmentFlagsUITests */,
			);
		};
/* End PBXProject section */

/* Begin PBXResourcesBuildPhase section */
		5A078575292622770054D895 /* Resources */ = {
			isa = PBXResourcesBuildPhase;
			buildActionMask = 2147483647;
			files = (
				5A078583292622780054D895 /* Preview Assets.xcassets in Resources */,
				5A07857F292622780054D895 /* Assets.xcassets in Resources */,
			);
			runOnlyForDeploymentPostprocessing = 0;
		};
		5A078586292622780054D895 /* Resources */ = {
			isa = PBXResourcesBuildPhase;
			buildActionMask = 2147483647;
			files = (
			);
			runOnlyForDeploymentPostprocessing = 0;
		};
		5A078590292622780054D895 /* Resources */ = {
			isa = PBXResourcesBuildPhase;
			buildActionMask = 2147483647;
			files = (
			);
			runOnlyForDeploymentPostprocessing = 0;
		};
/* End PBXResourcesBuildPhase section */

/* Begin PBXSourcesBuildPhase section */
		5A078573292622770054D895 /* Sources */ = {
			isa = PBXSourcesBuildPhase;
			buildActionMask = 2147483647;
			files = (
				5A07857D292622770054D895 /* ContentView.swift in Sources */,
				5A07857B292622770054D895 /* EnvironmentFlagsApp.swift in Sources */,
			);
			runOnlyForDeploymentPostprocessing = 0;
		};
		5A078584292622780054D895 /* Sources */ = {
			isa = PBXSourcesBuildPhase;
			buildActionMask = 2147483647;
			files = (
				5A07858D292622780054D895 /* EnvironmentFlagsTests.swift in Sources */,
			);
			runOnlyForDeploymentPostprocessing = 0;
		};
		5A07858E292622780054D895 /* Sources */ = {
			isa = PBXSourcesBuildPhase;
			buildActionMask = 2147483647;
			files = (
				5A078599292622780054D895 /* EnvironmentFlagsUITestsLaunchTests.swift in Sources */,
				5A078597292622780054D895 /* EnvironmentFlagsUITests.swift in Sources */,
			);
			runOnlyForDeploymentPostprocessing = 0;
		};
/* End PBXSourcesBuildPhase section */

/* Begin PBXTargetDependency section */
		5A07858A292622780054D895 /* PBXTargetDependency */ = {
			isa = PBXTargetDependency;
			target = 5A078576292622770054D895 /* EnvironmentFlags */;
			targetProxy = 5A078589292622780054D895 /* PBXContainerItemProxy */;
		};
		5A078594292622780054D895 /* PBXTargetDependency */ = {
			isa = PBXTargetDependency;
			target = 5A078576292622770054D895 /* EnvironmentFlags */;
			targetProxy = 5A078593292622780054D895 /* PBXContainerItemProxy */;
		};
/* End PBXTargetDependency section */

/* Begin XCBuildConfiguration section */
		5A07859A292622780054D895 /* Debug */ = {
			isa = XCBuildConfiguration;
			baseConfigurationReference = 5A0785A9292622B40054D895 /* DEV.xcconfig */;
			buildSettings = {
				ALWAYS_SEARCH_USER_PATHS = NO;
				CLANG_ANALYZER_NONNULL = YES;
				CLANG_ANALYZER_NUMBER_OBJECT_CONVERSION = YES_AGGRESSIVE;
				CLANG_CXX_LANGUAGE_STANDARD = "gnu++20";
				CLANG_ENABLE_MODULES = YES;
				CLANG_ENABLE_OBJC_ARC = YES;
				CLANG_ENABLE_OBJC_WEAK = YES;
				CLANG_WARN_BLOCK_CAPTURE_AUTORELEASING = YES;
				CLANG_WARN_BOOL_CONVERSION = YES;
				CLANG_WARN_COMMA = YES;
				CLANG_WARN_CONSTANT_CONVERSION = YES;
				CLANG_WARN_DEPRECATED_OBJC_IMPLEMENTATIONS = YES;
				CLANG_WARN_DIRECT_OBJC_ISA_USAGE = YES_ERROR;
				CLANG_WARN_DOCUMENTATION_COMMENTS = YES;
				CLANG_WARN_EMPTY_BODY = YES;
				CLANG_WARN_ENUM_CONVERSION = YES;
				CLANG_WARN_INFINITE_RECURSION = YES;
				CLANG_WARN_INT_CONVERSION = YES;
				CLANG_WARN_NON_LITERAL_NULL_CONVERSION = YES;
				CLANG_WARN_OBJC_IMPLICIT_RETAIN_SELF = YES;
				CLANG_WARN_OBJC_LITERAL_CONVERSION = YES;
				CLANG_WARN_OBJC_ROOT_CLASS = YES_ERROR;
				CLANG_WARN_QUOTED_INCLUDE_IN_FRAMEWORK_HEADER = YES;
				CLANG_WARN_RANGE_LOOP_ANALYSIS = YES;
				CLANG_WARN_STRICT_PROTOTYPES = YES;
				CLANG_WARN_SUSPICIOUS_MOVE = YES;
				CLANG_WARN_UNGUARDED_AVAILABILITY = YES_AGGRESSIVE;
				CLANG_WARN_UNREACHABLE_CODE = YES;
				CLANG_WARN__DUPLICATE_METHOD_MATCH = YES;
				COPY_PHASE_STRIP = NO;
				DEBUG_INFORMATION_FORMAT = dwarf;
				ENABLE_STRICT_OBJC_MSGSEND = YES;
				ENABLE_TESTABILITY = YES;
				GCC_C_LANGUAGE_STANDARD = gnu11;
				GCC_DYNAMIC_NO_PIC = NO;
				GCC_NO_COMMON_BLOCKS = YES;
				GCC_OPTIMIZATION_LEVEL = 0;
				GCC_PREPROCESSOR_DEFINITIONS = (
					"DEBUG=1",
					"$(inherited)",
				);
				GCC_WARN_64_TO_32_BIT_CONVERSION = YES;
				GCC_WARN_ABOUT_RETURN_TYPE = YES_ERROR;
				GCC_WARN_UNDECLARED_SELECTOR = YES;
				GCC_WARN_UNINITIALIZED_AUTOS = YES_AGGRESSIVE;
				GCC_WARN_UNUSED_FUNCTION = YES;
				GCC_WARN_UNUSED_VARIABLE = YES;
				MTL_ENABLE_DEBUG_INFO = INCLUDE_SOURCE;
				MTL_FAST_MATH = YES;
				ONLY_ACTIVE_ARCH = YES;
				SWIFT_ACTIVE_COMPILATION_CONDITIONS = DEBUG;
				SWIFT_OPTIMIZATION_LEVEL = "-Onone";
			};
			name = Debug;
		};
		5A07859B292622780054D895 /* Production */ = {
			isa = XCBuildConfiguration;
			baseConfigurationReference = 5A0785AB292622B90054D895 /* PRD.xcconfig */;
			buildSettings = {
				ALWAYS_SEARCH_USER_PATHS = NO;
				CLANG_ANALYZER_NONNULL = YES;
				CLANG_ANALYZER_NUMBER_OBJECT_CONVERSION = YES_AGGRESSIVE;
				CLANG_CXX_LANGUAGE_STANDARD = "gnu++20";
				CLANG_ENABLE_MODULES = YES;
				CLANG_ENABLE_OBJC_ARC = YES;
				CLANG_ENABLE_OBJC_WEAK = YES;
				CLANG_WARN_BLOCK_CAPTURE_AUTORELEASING = YES;
				CLANG_WARN_BOOL_CONVERSION = YES;
				CLANG_WARN_COMMA = YES;
				CLANG_WARN_CONSTANT_CONVERSION = YES;
				CLANG_WARN_DEPRECATED_OBJC_IMPLEMENTATIONS = YES;
				CLANG_WARN_DIRECT_OBJC_ISA_USAGE = YES_ERROR;
				CLANG_WARN_DOCUMENTATION_COMMENTS = YES;
				CLANG_WARN_EMPTY_BODY = YES;
				CLANG_WARN_ENUM_CONVERSION = YES;
				CLANG_WARN_INFINITE_RECURSION = YES;
				CLANG_WARN_INT_CONVERSION = YES;
				CLANG_WARN_NON_LITERAL_NULL_CONVERSION = YES;
				CLANG_WARN_OBJC_IMPLICIT_RETAIN_SELF = YES;
				CLANG_WARN_OBJC_LITERAL_CONVERSION = YES;
				CLANG_WARN_OBJC_ROOT_CLASS = YES_ERROR;
				CLANG_WARN_QUOTED_INCLUDE_IN_FRAMEWORK_HEADER = YES;
				CLANG_WARN_RANGE_LOOP_ANALYSIS = YES;
				CLANG_WARN_STRICT_PROTOTYPES = YES;
				CLANG_WARN_SUSPICIOUS_MOVE = YES;
				CLANG_WARN_UNGUARDED_AVAILABILITY = YES_AGGRESSIVE;
				CLANG_WARN_UNREACHABLE_CODE = YES;
				CLANG_WARN__DUPLICATE_METHOD_MATCH = YES;
				COPY_PHASE_STRIP = NO;
				DEBUG_INFORMATION_FORMAT = "dwarf-with-dsym";
				ENABLE_NS_ASSERTIONS = NO;
				ENABLE_STRICT_OBJC_MSGSEND = YES;
				GCC_C_LANGUAGE_STANDARD = gnu11;
				GCC_NO_COMMON_BLOCKS = YES;
				GCC_WARN_64_TO_32_BIT_CONVERSION = YES;
				GCC_WARN_ABOUT_RETURN_TYPE = YES_ERROR;
				GCC_WARN_UNDECLARED_SELECTOR = YES;
				GCC_WARN_UNINITIALIZED_AUTOS = YES_AGGRESSIVE;
				GCC_WARN_UNUSED_FUNCTION = YES;
				GCC_WARN_UNUSED_VARIABLE = YES;
				MTL_ENABLE_DEBUG_INFO = NO;
				MTL_FAST_MATH = YES;
				SWIFT_COMPILATION_MODE = wholemodule;
				SWIFT_OPTIMIZATION_LEVEL = "-O";
			};
			name = Production;
		};
		5A07859D292622780054D895 /* Debug */ = {
			isa = XCBuildConfiguration;
			buildSettings = {
				ASSETCATALOG_COMPILER_APPICON_NAME = AppIcon;
				ASSETCATALOG_COMPILER_GLOBAL_ACCENT_COLOR_NAME = AccentColor;
				CODE_SIGN_ENTITLEMENTS = EnvironmentFlags/EnvironmentFlags.entitlements;
				CODE_SIGN_STYLE = Automatic;
				CURRENT_PROJECT_VERSION = 1;
				DEVELOPMENT_ASSET_PATHS = "\"EnvironmentFlags/Preview Content\"";
				ENABLE_PREVIEWS = YES;
				GENERATE_INFOPLIST_FILE = YES;
				INFOPLIST_FILE = EnvironmentFlags/Info.plist;
				INFOPLIST_KEY_CFBundleDisplayName = "$(PRODUCT_DISPLAY_NAME)";
				"INFOPLIST_KEY_UIApplicationSceneManifest_Generation[sdk=iphoneos*]" = YES;
				"INFOPLIST_KEY_UIApplicationSceneManifest_Generation[sdk=iphonesimulator*]" = YES;
				"INFOPLIST_KEY_UIApplicationSupportsIndirectInputEvents[sdk=iphoneos*]" = YES;
				"INFOPLIST_KEY_UIApplicationSupportsIndirectInputEvents[sdk=iphonesimulator*]" = YES;
				"INFOPLIST_KEY_UILaunchScreen_Generation[sdk=iphoneos*]" = YES;
				"INFOPLIST_KEY_UILaunchScreen_Generation[sdk=iphonesimulator*]" = YES;
				"INFOPLIST_KEY_UIStatusBarStyle[sdk=iphoneos*]" = UIStatusBarStyleDefault;
				"INFOPLIST_KEY_UIStatusBarStyle[sdk=iphonesimulator*]" = UIStatusBarStyleDefault;
				INFOPLIST_KEY_UISupportedInterfaceOrientations_iPad = "UIInterfaceOrientationPortrait UIInterfaceOrientationPortraitUpsideDown UIInterfaceOrientationLandscapeLeft UIInterfaceOrientationLandscapeRight";
				INFOPLIST_KEY_UISupportedInterfaceOrientations_iPhone = "UIInterfaceOrientationPortrait UIInterfaceOrientationLandscapeLeft UIInterfaceOrientationLandscapeRight";
				IPHONEOS_DEPLOYMENT_TARGET = 16.1;
				LD_RUNPATH_SEARCH_PATHS = "@executable_path/Frameworks";
				"LD_RUNPATH_SEARCH_PATHS[sdk=macosx*]" = "@executable_path/../Frameworks";
				MACOSX_DEPLOYMENT_TARGET = 13.0;
				MARKETING_VERSION = 1.0;
				PRODUCT_NAME = "$(TARGET_NAME)";
				SDKROOT = auto;
				SUPPORTED_PLATFORMS = "iphoneos iphonesimulator macosx";
				SWIFT_EMIT_LOC_STRINGS = YES;
				SWIFT_VERSION = 5.0;
				TARGETED_DEVICE_FAMILY = "1,2";
			};
			name = Debug;
		};
		5A07859E292622780054D895 /* Production */ = {
			isa = XCBuildConfiguration;
			buildSettings = {
				ASSETCATALOG_COMPILER_APPICON_NAME = AppIcon;
				ASSETCATALOG_COMPILER_GLOBAL_ACCENT_COLOR_NAME = AccentColor;
				CODE_SIGN_ENTITLEMENTS = EnvironmentFlags/EnvironmentFlags.entitlements;
				CODE_SIGN_STYLE = Automatic;
				CURRENT_PROJECT_VERSION = 1;
				DEVELOPMENT_ASSET_PATHS = "\"EnvironmentFlags/Preview Content\"";
				ENABLE_PREVIEWS = YES;
				GENERATE_INFOPLIST_FILE = YES;
				INFOPLIST_FILE = EnvironmentFlags/Info.plist;
				INFOPLIST_KEY_CFBundleDisplayName = "$(PRODUCT_DISPLAY_NAME)";
				"INFOPLIST_KEY_UIApplicationSceneManifest_Generation[sdk=iphoneos*]" = YES;
				"INFOPLIST_KEY_UIApplicationSceneManifest_Generation[sdk=iphonesimulator*]" = YES;
				"INFOPLIST_KEY_UIApplicationSupportsIndirectInputEvents[sdk=iphoneos*]" = YES;
				"INFOPLIST_KEY_UIApplicationSupportsIndirectInputEvents[sdk=iphonesimulator*]" = YES;
				"INFOPLIST_KEY_UILaunchScreen_Generation[sdk=iphoneos*]" = YES;
				"INFOPLIST_KEY_UILaunchScreen_Generation[sdk=iphonesimulator*]" = YES;
				"INFOPLIST_KEY_UIStatusBarStyle[sdk=iphoneos*]" = UIStatusBarStyleDefault;
				"INFOPLIST_KEY_UIStatusBarStyle[sdk=iphonesimulator*]" = UIStatusBarStyleDefault;
				INFOPLIST_KEY_UISupportedInterfaceOrientations_iPad = "UIInterfaceOrientationPortrait UIInterfaceOrientationPortraitUpsideDown UIInterfaceOrientationLandscapeLeft UIInterfaceOrientationLandscapeRight";
				INFOPLIST_KEY_UISupportedInterfaceOrientations_iPhone = "UIInterfaceOrientationPortrait UIInterfaceOrientationLandscapeLeft UIInterfaceOrientationLandscapeRight";
				IPHONEOS_DEPLOYMENT_TARGET = 16.1;
				LD_RUNPATH_SEARCH_PATHS = "@executable_path/Frameworks";
				"LD_RUNPATH_SEARCH_PATHS[sdk=macosx*]" = "@executable_path/../Frameworks";
				MACOSX_DEPLOYMENT_TARGET = 13.0;
				MARKETING_VERSION = 1.0;
				PRODUCT_NAME = "$(TARGET_NAME)";
				SDKROOT = auto;
				SUPPORTED_PLATFORMS = "iphoneos iphonesimulator macosx";
				SWIFT_EMIT_LOC_STRINGS = YES;
				SWIFT_VERSION = 5.0;
				TARGETED_DEVICE_FAMILY = "1,2";
			};
			name = Production;
		};
		5A0785A0292622780054D895 /* Debug */ = {
			isa = XCBuildConfiguration;
			buildSettings = {
				ALWAYS_EMBED_SWIFT_STANDARD_LIBRARIES = YES;
				BUNDLE_LOADER = "$(TEST_HOST)";
				CODE_SIGN_STYLE = Automatic;
				CURRENT_PROJECT_VERSION = 1;
				GENERATE_INFOPLIST_FILE = YES;
				IPHONEOS_DEPLOYMENT_TARGET = 16.1;
				MACOSX_DEPLOYMENT_TARGET = 13.0;
				MARKETING_VERSION = 1.0;
				PRODUCT_BUNDLE_IDENTIFIER = com.test.EnvironmentFlagsTests;
				PRODUCT_NAME = "$(TARGET_NAME)";
				SDKROOT = auto;
				SUPPORTED_PLATFORMS = "iphoneos iphonesimulator macosx";
				SWIFT_EMIT_LOC_STRINGS = NO;
				SWIFT_VERSION = 5.0;
				TARGETED_DEVICE_FAMILY = "1,2";
				TEST_HOST = "$(BUILT_PRODUCTS_DIR)/EnvironmentFlags.app/$(BUNDLE_EXECUTABLE_FOLDER_PATH)/EnvironmentFlags";
			};
			name = Debug;
		};
		5A0785A1292622780054D895 /* Production */ = {
			isa = XCBuildConfiguration;
			buildSettings = {
				ALWAYS_EMBED_SWIFT_STANDARD_LIBRARIES = YES;
				BUNDLE_LOADER = "$(TEST_HOST)";
				CODE_SIGN_STYLE = Automatic;
				CURRENT_PROJECT_VERSION = 1;
				GENERATE_INFOPLIST_FILE = YES;
				IPHONEOS_DEPLOYMENT_TARGET = 16.1;
				MACOSX_DEPLOYMENT_TARGET = 13.0;
				MARKETING_VERSION = 1.0;
				PRODUCT_BUNDLE_IDENTIFIER = com.test.EnvironmentFlagsTests;
				PRODUCT_NAME = "$(TARGET_NAME)";
				SDKROOT = auto;
				SUPPORTED_PLATFORMS = "iphoneos iphonesimulator macosx";
				SWIFT_EMIT_LOC_STRINGS = NO;
				SWIFT_VERSION = 5.0;
				TARGETED_DEVICE_FAMILY = "1,2";
				TEST_HOST = "$(BUILT_PRODUCTS_DIR)/EnvironmentFlags.app/$(BUNDLE_EXECUTABLE_FOLDER_PATH)/EnvironmentFlags";
			};
			name = Production;
		};
		5A0785A3292622780054D895 /* Debug */ = {
			isa = XCBuildConfiguration;
			buildSettings = {
				ALWAYS_EMBED_SWIFT_STANDARD_LIBRARIES = YES;
				CODE_SIGN_STYLE = Automatic;
				CURRENT_PROJECT_VERSION = 1;
				GENERATE_INFOPLIST_FILE = YES;
				IPHONEOS_DEPLOYMENT_TARGET = 16.1;
				MACOSX_DEPLOYMENT_TARGET = 13.0;
				MARKETING_VERSION = 1.0;
				PRODUCT_BUNDLE_IDENTIFIER = com.test.EnvironmentFlagsUITests;
				PRODUCT_NAME = "$(TARGET_NAME)";
				SDKROOT = auto;
				SUPPORTED_PLATFORMS = "iphoneos iphonesimulator macosx";
				SWIFT_EMIT_LOC_STRINGS = NO;
				SWIFT_VERSION = 5.0;
				TARGETED_DEVICE_FAMILY = "1,2";
				TEST_TARGET_NAME = EnvironmentFlags;
			};
			name = Debug;
		};
		5A0785A4292622780054D895 /* Production */ = {
			isa = XCBuildConfiguration;
			buildSettings = {
				ALWAYS_EMBED_SWIFT_STANDARD_LIBRARIES = YES;
				CODE_SIGN_STYLE = Automatic;
				CURRENT_PROJECT_VERSION = 1;
				GENERATE_INFOPLIST_FILE = YES;
				IPHONEOS_DEPLOYMENT_TARGET = 16.1;
				MACOSX_DEPLOYMENT_TARGET = 13.0;
				MARKETING_VERSION = 1.0;
				PRODUCT_BUNDLE_IDENTIFIER = com.test.EnvironmentFlagsUITests;
				PRODUCT_NAME = "$(TARGET_NAME)";
				SDKROOT = auto;
				SUPPORTED_PLATFORMS = "iphoneos iphonesimulator macosx";
				SWIFT_EMIT_LOC_STRINGS = NO;
				SWIFT_VERSION = 5.0;
				TARGETED_DEVICE_FAMILY = "1,2";
				TEST_TARGET_NAME = EnvironmentFlags;
			};
			name = Production;
		};
		5A0785F3292786870054D895 /* Staging */ = {
			isa = XCBuildConfiguration;
			baseConfigurationReference = 5A0785AA292622B80054D895 /* STG.xcconfig */;
			buildSettings = {
				ALWAYS_SEARCH_USER_PATHS = NO;
				CLANG_ANALYZER_NONNULL = YES;
				CLANG_ANALYZER_NUMBER_OBJECT_CONVERSION = YES_AGGRESSIVE;
				CLANG_CXX_LANGUAGE_STANDARD = "gnu++20";
				CLANG_ENABLE_MODULES = YES;
				CLANG_ENABLE_OBJC_ARC = YES;
				CLANG_ENABLE_OBJC_WEAK = YES;
				CLANG_WARN_BLOCK_CAPTURE_AUTORELEASING = YES;
				CLANG_WARN_BOOL_CONVERSION = YES;
				CLANG_WARN_COMMA = YES;
				CLANG_WARN_CONSTANT_CONVERSION = YES;
				CLANG_WARN_DEPRECATED_OBJC_IMPLEMENTATIONS = YES;
				CLANG_WARN_DIRECT_OBJC_ISA_USAGE = YES_ERROR;
				CLANG_WARN_DOCUMENTATION_COMMENTS = YES;
				CLANG_WARN_EMPTY_BODY = YES;
				CLANG_WARN_ENUM_CONVERSION = YES;
				CLANG_WARN_INFINITE_RECURSION = YES;
				CLANG_WARN_INT_CONVERSION = YES;
				CLANG_WARN_NON_LITERAL_NULL_CONVERSION = YES;
				CLANG_WARN_OBJC_IMPLICIT_RETAIN_SELF = YES;
				CLANG_WARN_OBJC_LITERAL_CONVERSION = YES;
				CLANG_WARN_OBJC_ROOT_CLASS = YES_ERROR;
				CLANG_WARN_QUOTED_INCLUDE_IN_FRAMEWORK_HEADER = YES;
				CLANG_WARN_RANGE_LOOP_ANALYSIS = YES;
				CLANG_WARN_STRICT_PROTOTYPES = YES;
				CLANG_WARN_SUSPICIOUS_MOVE = YES;
				CLANG_WARN_UNGUARDED_AVAILABILITY = YES_AGGRESSIVE;
				CLANG_WARN_UNREACHABLE_CODE = YES;
				CLANG_WARN__DUPLICATE_METHOD_MATCH = YES;
				COPY_PHASE_STRIP = NO;
				DEBUG_INFORMATION_FORMAT = "dwarf-with-dsym";
				ENABLE_NS_ASSERTIONS = NO;
				ENABLE_STRICT_OBJC_MSGSEND = YES;
				GCC_C_LANGUAGE_STANDARD = gnu11;
				GCC_NO_COMMON_BLOCKS = YES;
				GCC_WARN_64_TO_32_BIT_CONVERSION = YES;
				GCC_WARN_ABOUT_RETURN_TYPE = YES_ERROR;
				GCC_WARN_UNDECLARED_SELECTOR = YES;
				GCC_WARN_UNINITIALIZED_AUTOS = YES_AGGRESSIVE;
				GCC_WARN_UNUSED_FUNCTION = YES;
				GCC_WARN_UNUSED_VARIABLE = YES;
				MTL_ENABLE_DEBUG_INFO = NO;
				MTL_FAST_MATH = YES;
				SWIFT_COMPILATION_MODE = wholemodule;
				SWIFT_OPTIMIZATION_LEVEL = "-O";
			};
			name = Staging;
		};
		5A0785F4292786870054D895 /* Staging */ = {
			isa = XCBuildConfiguration;
			buildSettings = {
				ASSETCATALOG_COMPILER_APPICON_NAME = AppIcon;
				ASSETCATALOG_COMPILER_GLOBAL_ACCENT_COLOR_NAME = AccentColor;
				CODE_SIGN_ENTITLEMENTS = EnvironmentFlags/EnvironmentFlags.entitlements;
				CODE_SIGN_STYLE = Automatic;
				CURRENT_PROJECT_VERSION = 1;
				DEVELOPMENT_ASSET_PATHS = "\"EnvironmentFlags/Preview Content\"";
				ENABLE_PREVIEWS = YES;
				GENERATE_INFOPLIST_FILE = YES;
				INFOPLIST_FILE = EnvironmentFlags/Info.plist;
				INFOPLIST_KEY_CFBundleDisplayName = "$(PRODUCT_DISPLAY_NAME)";
				"INFOPLIST_KEY_UIApplicationSceneManifest_Generation[sdk=iphoneos*]" = YES;
				"INFOPLIST_KEY_UIApplicationSceneManifest_Generation[sdk=iphonesimulator*]" = YES;
				"INFOPLIST_KEY_UIApplicationSupportsIndirectInputEvents[sdk=iphoneos*]" = YES;
				"INFOPLIST_KEY_UIApplicationSupportsIndirectInputEvents[sdk=iphonesimulator*]" = YES;
				"INFOPLIST_KEY_UILaunchScreen_Generation[sdk=iphoneos*]" = YES;
				"INFOPLIST_KEY_UILaunchScreen_Generation[sdk=iphonesimulator*]" = YES;
				"INFOPLIST_KEY_UIStatusBarStyle[sdk=iphoneos*]" = UIStatusBarStyleDefault;
				"INFOPLIST_KEY_UIStatusBarStyle[sdk=iphonesimulator*]" = UIStatusBarStyleDefault;
				INFOPLIST_KEY_UISupportedInterfaceOrientations_iPad = "UIInterfaceOrientationPortrait UIInterfaceOrientationPortraitUpsideDown UIInterfaceOrientationLandscapeLeft UIInterfaceOrientationLandscapeRight";
				INFOPLIST_KEY_UISupportedInterfaceOrientations_iPhone = "UIInterfaceOrientationPortrait UIInterfaceOrientationLandscapeLeft UIInterfaceOrientationLandscapeRight";
				IPHONEOS_DEPLOYMENT_TARGET = 16.1;
				LD_RUNPATH_SEARCH_PATHS = "@executable_path/Frameworks";
				"LD_RUNPATH_SEARCH_PATHS[sdk=macosx*]" = "@executable_path/../Frameworks";
				MACOSX_DEPLOYMENT_TARGET = 13.0;
				MARKETING_VERSION = 1.0;
				PRODUCT_NAME = "$(TARGET_NAME)";
				SDKROOT = auto;
				SUPPORTED_PLATFORMS = "iphoneos iphonesimulator macosx";
				SWIFT_EMIT_LOC_STRINGS = YES;
				SWIFT_VERSION = 5.0;
				TARGETED_DEVICE_FAMILY = "1,2";
			};
			name = Staging;
		};
		5A0785F5292786870054D895 /* Staging */ = {
			isa = XCBuildConfiguration;
			buildSettings = {
				ALWAYS_EMBED_SWIFT_STANDARD_LIBRARIES = YES;
				BUNDLE_LOADER = "$(TEST_HOST)";
				CODE_SIGN_STYLE = Automatic;
				CURRENT_PROJECT_VERSION = 1;
				GENERATE_INFOPLIST_FILE = YES;
				IPHONEOS_DEPLOYMENT_TARGET = 16.1;
				MACOSX_DEPLOYMENT_TARGET = 13.0;
				MARKETING_VERSION = 1.0;
				PRODUCT_BUNDLE_IDENTIFIER = com.test.EnvironmentFlagsTests;
				PRODUCT_NAME = "$(TARGET_NAME)";
				SDKROOT = auto;
				SUPPORTED_PLATFORMS = "iphoneos iphonesimulator macosx";
				SWIFT_EMIT_LOC_STRINGS = NO;
				SWIFT_VERSION = 5.0;
				TARGETED_DEVICE_FAMILY = "1,2";
				TEST_HOST = "$(BUILT_PRODUCTS_DIR)/EnvironmentFlags.app/$(BUNDLE_EXECUTABLE_FOLDER_PATH)/EnvironmentFlags";
			};
			name = Staging;
		};
		5A0785F6292786870054D895 /* Staging */ = {
			isa = XCBuildConfiguration;
			buildSettings = {
				ALWAYS_EMBED_SWIFT_STANDARD_LIBRARIES = YES;
				CODE_SIGN_STYLE = Automatic;
				CURRENT_PROJECT_VERSION = 1;
				GENERATE_INFOPLIST_FILE = YES;
				IPHONEOS_DEPLOYMENT_TARGET = 16.1;
				MACOSX_DEPLOYMENT_TARGET = 13.0;
				MARKETING_VERSION = 1.0;
				PRODUCT_BUNDLE_IDENTIFIER = com.test.EnvironmentFlagsUITests;
				PRODUCT_NAME = "$(TARGET_NAME)";
				SDKROOT = auto;
				SUPPORTED_PLATFORMS = "iphoneos iphonesimulator macosx";
				SWIFT_EMIT_LOC_STRINGS = NO;
				SWIFT_VERSION = 5.0;
				TARGETED_DEVICE_FAMILY = "1,2";
				TEST_TARGET_NAME = EnvironmentFlags;
			};
			name = Staging;
		};
/* End XCBuildConfiguration section */

/* Begin XCConfigurationList section */
		5A078572292622770054D895 /* Build configuration list for PBXProject "EnvironmentFlags" */ = {
			isa = XCConfigurationList;
			buildConfigurations = (
				5A07859A292622780054D895 /* Debug */,
				5A07859B292622780054D895 /* Production */,
				5A0785F3292786870054D895 /* Staging */,
			);
			defaultConfigurationIsVisible = 0;
			defaultConfigurationName = Production;
		};
		5A07859C292622780054D895 /* Build configuration list for PBXNativeTarget "EnvironmentFlags" */ = {
			isa = XCConfigurationList;
			buildConfigurations = (
				5A07859D292622780054D895 /* Debug */,
				5A07859E292622780054D895 /* Production */,
				5A0785F4292786870054D895 /* Staging */,
			);
			defaultConfigurationIsVisible = 0;
			defaultConfigurationName = Production;
		};
		5A07859F292622780054D895 /* Build configuration list for PBXNativeTarget "EnvironmentFlagsTests" */ = {
			isa = XCConfigurationList;
			buildConfigurations = (
				5A0785A0292622780054D895 /* Debug */,
				5A0785A1292622780054D895 /* Production */,
				5A0785F5292786870054D895 /* Staging */,
			);
			defaultConfigurationIsVisible = 0;
			defaultConfigurationName = Production;
		};
		5A0785A2292622780054D895 /* Build configuration list for PBXNativeTarget "EnvironmentFlagsUITests" */ = {
			isa = XCConfigurationList;
			buildConfigurations = (
				5A0785A3292622780054D895 /* Debug */,
				5A0785A4292622780054D895 /* Production */,
				5A0785F6292786870054D895 /* Staging */,
			);
			defaultConfigurationIsVisible = 0;
			defaultConfigurationName = Production;
		};
/* End XCConfigurationList section */

/* Begin XCRemoteSwiftPackageReference section */
		5A0785F729278BB90054D895 /* XCRemoteSwiftPackageReference "swift-composable-architecture" */ = {
			isa = XCRemoteSwiftPackageReference;
			repositoryURL = "https://github.com/pointfreeco/swift-composable-architecture";
			requirement = {
				kind = upToNextMajorVersion;
				minimumVersion = 0.9.0;
			};
		};
/* End XCRemoteSwiftPackageReference section */

/* Begin XCSwiftPackageProductDependency section */
		5A0785F829278BB90054D895 /* ComposableArchitecture */ = {
			isa = XCSwiftPackageProductDependency;
			package = 5A0785F729278BB90054D895 /* XCRemoteSwiftPackageReference "swift-composable-architecture" */;
			productName = ComposableArchitecture;
		};
		5A0785FA29278BB90054D895 /* Dependencies */ = {
			isa = XCSwiftPackageProductDependency;
			package = 5A0785F729278BB90054D895 /* XCRemoteSwiftPackageReference "swift-composable-architecture" */;
			productName = Dependencies;
		};
/* End XCSwiftPackageProductDependency section */
	};
	rootObject = 5A07856F292622770054D895 /* Project object */;
}
